
Microsoft Visual Studio Solution File, Format Version 12.00
# Visual Studio Version 17
VisualStudioVersion = 17.5.33516.290
MinimumVisualStudioVersion = 10.0.40219.1
Project("{FAE04EC0-301F-11D3-BF4B-00C04F79EFBC}") = "Project", "Project.csproj", "{9B8608B3-BF2F-4F14-9586-EBC9BEC5D324}"
EndProject
Global
	GlobalSection(SolutionConfigurationPlatforms) = preSolution
		Debug|Any CPU = Debug|Any CPU
		Release|Any CPU = Release|Any CPU
	EndGlobalSection
	GlobalSection(ProjectConfigurationPlatforms) = postSolution
		{9B8608B3-BF2F-4F14-9586-EBC9BEC5D324}.Debug|Any CPU.ActiveCfg = Debug|Any CPU
		{9B8608B3-BF2F-4F14-9586-EBC9BEC5D324}.Debug|Any CPU.Build.0 = Debug|Any CPU
		{9B8608B3-BF2F-4F14-9586-EBC9BEC5D324}.Release|Any CPU.ActiveCfg = Release|Any CPU
		{9B8608B3-BF2F-4F14-9586-EBC9BEC5D324}.Release|Any CPU.Build.0 = Release|Any CPU
	EndGlobalSection
	GlobalSection(SolutionProperties) = preSolution
		HideSolutionNode = FALSE
	EndGlobalSection
	GlobalSection(ExtensibilityGlobals) = postSolution
		SolutionGuid = {59896599-D192-4BB4-BD83-EAF5FF3B89AE}
	EndGlobalSection
EndGlobal
